<?xml version="1.0" encoding="utf-8"?>
<Project ToolsVersion="4.0" xmlns="http://schemas.microsoft.com/developer/msbuild/2003">
  <ItemGroup>
    <Filter Include="Source Files">
      <UniqueIdentifier>{4FC737F1-C7A5-4376-A066-2A32D752A2FF}</UniqueIdentifier>
      <Extensions>cpp;c;cc;cxx;def;odl;idl;hpj;bat;asm;asmx</Extensions>
    </Filter>
    <Filter Include="Header Files">
      <UniqueIdentifier>{93995380-89BD-4b04-88EB-625FBE52EBFB}</UniqueIdentifier>
      <Extensions>h;hh;hpp;hxx;hm;inl;inc;xsd</Extensions>
    </Filter>
    <Filter Include="Resource Files">
      <UniqueIdentifier>{67DA6AB6-F800-4c08-8B7A-83BB121AAD01}</UniqueIdentifier>
      <Extensions>rc;ico;cur;bmp;dlg;rc2;rct;bin;rgs;gif;jpg;jpeg;jpe;resx;tiff;tif;png;wav</Extensions>
    </Filter>
  </ItemGroup>
  <ItemGroup>
    <ClCompile Include="src\entry.cpp">
      <Filter>Source Files</Filter>
    </ClCompile>
    <ClCompile Include="src\days\day1.cpp">
      <Filter>Source Files</Filter>
    </ClCompile>
    <ClCompile Include="src\main.cpp">
      <Filter>Source Files</Filter>
    </ClCompile>
    <ClCompile Include="src\days\day2.cpp">
      <Filter>Source Files</Filter>
    </ClCompile>
  </ItemGroup>
  <ItemGroup>
    <ClInclude Include="src\entry.hpp">
      <Filter>Header Files</Filter>
    </ClInclude>
    <ClInclude Include="src\days\aoc_days.hpp">
      <Filter>Header Files</Filter>
    </ClInclude>
  </ItemGroup>
  <ItemGroup>
    <Text Include="inputs\day1.txt" />
    <Text Include="inputs\day10.txt" />
    <Text Include="inputs\day11.txt" />
    <Text Include="inputs\day12.txt" />
    <Text Include="inputs\day13.txt" />
    <Text Include="inputs\day14.txt" />
    <Text Include="inputs\day15.txt" />
    <Text Include="inputs\day16.txt" />
    <Text Include="inputs\day17.txt" />
    <Text Include="inputs\day18.txt" />
    <Text Include="inputs\day19.txt" />
    <Text Include="inputs\day2.txt" />
    <Text Include="inputs\day20.txt" />
    <Text Include="inputs\day21.txt" />
    <Text Include="inputs\day22.txt" />
    <Text Include="inputs\day23.txt" />
    <Text Include="inputs\day24.txt" />
    <Text Include="inputs\day25.txt" />
    <Text Include="inputs\day3.txt" />
    <Text Include="inputs\day4.txt" />
    <Text Include="inputs\day5.txt" />
    <Text Include="inputs\day6.txt" />
    <Text Include="inputs\day7.txt" />
    <Text Include="inputs\day8.txt" />
    <Text Include="inputs\day9.txt" />
  </ItemGroup>
</Project>